<?xml version="1.0" encoding="UTF-8"?>
<Scheme
   LastUpgradeVersion = "0630"
   version = "2.0">
   <BuildAction
      parallelizeBuildables = "YES"
      buildImplicitDependencies = "YES">
      <BuildActionEntries>
         <BuildActionEntry
            buildForTesting = "YES"
            buildForRunning = "YES"
            buildForProfiling = "YES"
            buildForArchiving = "YES"
            buildForAnalyzing = "YES">
            <BuildableReference
               BuildableIdentifier = "primary"
               BlueprintIdentifier = "49E071AD1B3C981C00D6FF43"
               BuildableName = "PeeBody WatchKit App.app"
               BlueprintName = "PeeBody WatchKit App"
               ReferencedContainer = "container:PeeBody.xcodeproj">
            </BuildableReference>
         </BuildActionEntry>
         <BuildActionEntry
            buildForTesting = "YES"
            buildForRunning = "YES"
            buildForProfiling = "YES"
            buildForArchiving = "YES"
            buildForAnalyzing = "YES">
            <BuildableReference
               BuildableIdentifier = "primary"
               BlueprintIdentifier = "49F5E6E01B1CD5F00094278C"
               BuildableName = "PeeBody.app"
               BlueprintName = "PeeBody"
               ReferencedContainer = "container:PeeBody.xcodeproj">
            </BuildableReference>
         </BuildActionEntry>
         <BuildActionEntry
            buildForTesting = "YES"
            buildForRunning = "YES"
            buildForProfiling = "YES"
            buildForArchiving = "YES"
            buildForAnalyzing = "YES">
            <BuildableReference
               BuildableIdentifier = "primary"
               BlueprintIdentifier = "49E0719B1B3C981C00D6FF43"
               BuildableName = "PeeBody WatchKit Extension.appex"
               BlueprintName = "PeeBody WatchKit Extension"
               ReferencedContainer = "container:PeeBody.xcodeproj">
            </BuildableReference>
         </BuildActionEntry>
      </BuildActionEntries>
   </BuildAction>
   <TestAction
      selectedDebuggerIdentifier = "Xcode.DebuggerFoundation.Debugger.LLDB"
      selectedLauncherIdentifier = "Xcode.DebuggerFoundation.Launcher.LLDB"
      shouldUseLaunchSchemeArgsEnv = "YES"
      buildConfiguration = "Debug">
      <Testables>
      </Testables>
      <MacroExpansion>
         <BuildableReference
            BuildableIdentifier = "primary"
            BlueprintIdentifier = "49E071AD1B3C981C00D6FF43"
            BuildableName = "PeeBody WatchKit App.app"
            BlueprintName = "PeeBody WatchKit App"
            ReferencedContainer = "container:PeeBody.xcodeproj">
         </BuildableReference>
      </MacroExpansion>
   </TestAction>
   <LaunchAction
      selectedDebuggerIdentifier = "Xcode.DebuggerFoundation.Debugger.LLDB"
      selectedLauncherIdentifier = "Xcode.DebuggerFoundation.Launcher.LLDB"
      launchStyle = "0"
      useCustomWorkingDirectory = "NO"
      buildConfiguration = "Debug"
      ignoresPersistentStateOnLaunch = "NO"
      debugDocumentVersioning = "YES"
      allowLocationSimulation = "YES"
      launchAutomaticallySubstyle = "8"
      notificationPayloadFile = "PeeBody WatchKit Extension/PushNotificationPayload.apns">
      <RemoteRunnable
         runnableDebuggingMode = "2"
         BundleIdentifier = "com.apple.springboard"
         RemotePath = "/PeeBody">
         <BuildableReference
            BuildableIdentifier = "primary"
            BlueprintIdentifier = "49E071AD1B3C981C00D6FF43"
            BuildableName = "PeeBody WatchKit App.app"
            BlueprintName = "PeeBody WatchKit App"
            ReferencedContainer = "container:PeeBody.xcodeproj">
         </BuildableReference>
      </RemoteRunnable>
      <MacroExpansion>
         <BuildableReference
            BuildableIdentifier = "primary"
            BlueprintIdentifier = "49E071AD1B3C981C00D6FF43"
            BuildableName = "PeeBody WatchKit App.app"
            BlueprintName = "PeeBody WatchKit App"
            ReferencedContainer = "container:PeeBody.xcodeproj">
         </BuildableReference>
      </MacroExpansion>
      <AdditionalOptions>
      </AdditionalOptions>
   </LaunchAction>
   <ProfileAction
      shouldUseLaunchSchemeArgsEnv = "YES"
      savedToolIdentifier = ""
      useCustomWorkingDirectory = "NO"
      buildConfiguration = "Release"
      debugDocumentVersioning = "YES"
      launchAutomaticallySubstyle = "8"
      notificationPayloadFile = "PeeBody WatchKit Extension/PushNotificationPayload.apns">
      <RemoteRunnable
         runnableDebuggingMode = "2"
         BundleIdentifier = "com.apple.springboard"
         RemotePath = "/PeeBody">
         <BuildableReference
            BuildableIdentifier = "primary"
            BlueprintIdentifier = "49E071AD1B3C981C00D6FF43"
            BuildableName = "PeeBody WatchKit App.app"
            BlueprintName = "PeeBody WatchKit App"
            ReferencedContainer = "container:PeeBody.xcodeproj">
         </BuildableReference>
      </RemoteRunnable>
      <MacroExpansion>
         <BuildableReference
            BuildableIdentifier = "primary"
            BlueprintIdentifier = "49E071AD1B3C981C00D6FF43"
            BuildableName = "PeeBody WatchKit App.app"
            BlueprintName = "PeeBody WatchKit App"
            ReferencedContainer = "container:PeeBody.xcodeproj">
         </BuildableReference>
      </MacroExpansion>
   </ProfileAction>
   <AnalyzeAction
      buildConfiguration = "Debug">
   </AnalyzeAction>
   <ArchiveAction
      buildConfiguration = "Release"
      revealArchiveInOrganizer = "YES">
   </ArchiveAction>
</Scheme>
